
Microsoft Visual Studio Solution File, Format Version 12.00
# Visual Studio Version 17
VisualStudioVersion = 17.1.32407.343
MinimumVisualStudioVersion = 10.0.40219.1
Project("{FAE04EC0-301F-11D3-BF4B-00C04F79EFBC}") = "Ping1", "Ping1\Ping1.csproj", "{99361D01-7F21-42AD-A0C3-C95DEBCCE10E}"
EndProject
Global
	GlobalSection(SolutionConfigurationPlatforms) = preSolution
		Debug|Any CPU = Debug|Any CPU
		Release|Any CPU = Release|Any CPU
	EndGlobalSection
	GlobalSection(ProjectConfigurationPlatforms) = postSolution
		{99361D01-7F21-42AD-A0C3-C95DEBCCE10E}.Debug|Any CPU.ActiveCfg = Debug|Any CPU
		{99361D01-7F21-42AD-A0C3-C95DEBCCE10E}.Debug|Any CPU.Build.0 = Debug|Any CPU
		{99361D01-7F21-42AD-A0C3-C95DEBCCE10E}.Release|Any CPU.ActiveCfg = Release|Any CPU
		{99361D01-7F21-42AD-A0C3-C95DEBCCE10E}.Release|Any CPU.Build.0 = Release|Any CPU
	EndGlobalSection
	GlobalSection(SolutionProperties) = preSolution
		HideSolutionNode = FALSE
	EndGlobalSection
	GlobalSection(ExtensibilityGlobals) = postSolution
		SolutionGuid = {709D862F-B370-4536-97A5-5C882712CB08}
	EndGlobalSection
EndGlobal
